
Microsoft Visual Studio Solution File, Format Version 11.00
# Visual Studio 2010
Project("{FAE04EC0-301F-11D3-BF4B-00C04F79EFBC}") = "Assembly-CSharp", "Assembly-CSharp.csproj", "{F9C427F0-9880-94F7-4A7A-118C6CBED98D}"
EndProject
Project("{FAE04EC0-301F-11D3-BF4B-00C04F79EFBC}") = "Assembly-CSharp-Editor", "Assembly-CSharp-Editor.csproj", "{5ECA22CC-253E-A493-4939-EAB443261560}"
EndProject
Global
	GlobalSection(SolutionConfigurationPlatforms) = preSolution
		Debug|Any CPU = Debug|Any CPU
		Release|Any CPU = Release|Any CPU
	EndGlobalSection
	GlobalSection(ProjectConfigurationPlatforms) = postSolution
		{F9C427F0-9880-94F7-4A7A-118C6CBED98D}.Debug|Any CPU.ActiveCfg = Debug|Any CPU
		{F9C427F0-9880-94F7-4A7A-118C6CBED98D}.Debug|Any CPU.Build.0 = Debug|Any CPU
		{F9C427F0-9880-94F7-4A7A-118C6CBED98D}.Release|Any CPU.ActiveCfg = Release|Any CPU
		{F9C427F0-9880-94F7-4A7A-118C6CBED98D}.Release|Any CPU.Build.0 = Release|Any CPU
		{5ECA22CC-253E-A493-4939-EAB443261560}.Debug|Any CPU.ActiveCfg = Debug|Any CPU
		{5ECA22CC-253E-A493-4939-EAB443261560}.Debug|Any CPU.Build.0 = Debug|Any CPU
		{5ECA22CC-253E-A493-4939-EAB443261560}.Release|Any CPU.ActiveCfg = Release|Any CPU
		{5ECA22CC-253E-A493-4939-EAB443261560}.Release|Any CPU.Build.0 = Release|Any CPU
	EndGlobalSection
	GlobalSection(SolutionProperties) = preSolution
		HideSolutionNode = FALSE
	EndGlobalSection
	GlobalSection(MonoDevelopProperties) = preSolution
		StartupItem = Assembly-CSharp.csproj
	EndGlobalSection
EndGlobal
